<?xml version="1.0" encoding="utf-8"?>
<Project ToolsVersion="4.0" xmlns="http://schemas.microsoft.com/developer/msbuild/2003">
  <ItemGroup>
    <Filter Include="Исходные файлы">
      <UniqueIdentifier>{4FC737F1-C7A5-4376-A066-2A32D752A2FF}</UniqueIdentifier>
      <Extensions>cpp;c;cc;cxx;c++;cppm;ixx;def;odl;idl;hpj;bat;asm;asmx</Extensions>
    </Filter>
    <Filter Include="Файлы заголовков">
      <UniqueIdentifier>{93995380-89BD-4b04-88EB-625FBE52EBFB}</UniqueIdentifier>
      <Extensions>h;hh;hpp;hxx;h++;hm;inl;inc;ipp;xsd</Extensions>
    </Filter>
    <Filter Include="Файлы ресурсов">
      <UniqueIdentifier>{67DA6AB6-F800-4c08-8B7A-83BB121AAD01}</UniqueIdentifier>
      <Extensions>rc;ico;cur;bmp;dlg;rc2;rct;bin;rgs;gif;jpg;jpeg;jpe;resx;tiff;tif;png;wav;mfcribbon-ms</Extensions>
    </Filter>
  </ItemGroup>
  <ItemGroup>
    <ClCompile Include="Laba_9.cpp">
      <Filter>Исходные файлы</Filter>
    </ClCompile>
    <ClCompile Include="AdapterForCelsius.cpp">
      <Filter>Исходные файлы</Filter>
    </ClCompile>
    <ClCompile Include="Composite.cpp">
      <Filter>Исходные файлы</Filter>
    </ClCompile>
    <ClCompile Include="Decorator.cpp">
      <Filter>Исходные файлы</Filter>
    </ClCompile>
    <ClCompile Include="DecoratorMax.cpp">
      <Filter>Исходные файлы</Filter>
    </ClCompile>
    <ClCompile Include="DecoratorMin.cpp">
      <Filter>Исходные файлы</Filter>
    </ClCompile>
    <ClCompile Include="FireR.cpp">
      <Filter>Исходные файлы</Filter>
    </ClCompile>
    <ClCompile Include="HumiditySensor.cpp">
      <Filter>Исходные файлы</Filter>
    </ClCompile>
    <ClCompile Include="Humus.cpp">
      <Filter>Исходные файлы</Filter>
    </ClCompile>
    <ClCompile Include="IAO.cpp">
      <Filter>Исходные файлы</Filter>
    </ClCompile>
    <ClCompile Include="IDatabase.cpp">
      <Filter>Исходные файлы</Filter>
    </ClCompile>
    <ClCompile Include="IGMS.cpp">
      <Filter>Исходные файлы</Filter>
    </ClCompile>
    <ClCompile Include="IIS.cpp">
      <Filter>Исходные файлы</Filter>
    </ClCompile>
    <ClCompile Include="ISensor.cpp">
      <Filter>Исходные файлы</Filter>
    </ClCompile>
    <ClCompile Include="Iterator.cpp">
      <Filter>Исходные файлы</Filter>
    </ClCompile>
    <ClCompile Include="IUnit.cpp">
      <Filter>Исходные файлы</Filter>
    </ClCompile>
    <ClCompile Include="Lamp.cpp">
      <Filter>Исходные файлы</Filter>
    </ClCompile>
    <ClCompile Include="LightingSensor.cpp">
      <Filter>Исходные файлы</Filter>
    </ClCompile>
    <ClCompile Include="Peat.cpp">
      <Filter>Исходные файлы</Filter>
    </ClCompile>
    <ClCompile Include="ProxyDatabase.cpp">
      <Filter>Исходные файлы</Filter>
    </ClCompile>
    <ClCompile Include="R.cpp">
      <Filter>Исходные файлы</Filter>
    </ClCompile>
    <ClCompile Include="TemperatureSensor.cpp">
      <Filter>Исходные файлы</Filter>
    </ClCompile>
    <ClCompile Include="TemperatureSensorCelsius.cpp">
      <Filter>Исходные файлы</Filter>
    </ClCompile>
    <ClCompile Include="UnitType.cpp">
      <Filter>Исходные файлы</Filter>
    </ClCompile>
    <ClCompile Include="Ventilator.cpp">
      <Filter>Исходные файлы</Filter>
    </ClCompile>
    <ClCompile Include="WaterR.cpp">
      <Filter>Исходные файлы</Filter>
    </ClCompile>
    <ClCompile Include="Window.cpp">
      <Filter>Исходные файлы</Filter>
    </ClCompile>
    <ClCompile Include="IDynamicDatabase.cpp">
      <Filter>Исходные файлы</Filter>
    </ClCompile>
    <ClCompile Include="INutrientsStorage.cpp">
      <Filter>Исходные файлы</Filter>
    </ClCompile>
    <ClCompile Include="HumusStorage.cpp">
      <Filter>Исходные файлы</Filter>
    </ClCompile>
    <ClCompile Include="INutrients.cpp">
      <Filter>Исходные файлы</Filter>
    </ClCompile>
    <ClCompile Include="PeatStorage.cpp">
      <Filter>Исходные файлы</Filter>
    </ClCompile>
    <ClCompile Include="ISeed.cpp">
      <Filter>Исходные файлы</Filter>
    </ClCompile>
    <ClCompile Include="TomatoSeed.cpp">
      <Filter>Исходные файлы</Filter>
    </ClCompile>
    <ClCompile Include="CucumberSeed.cpp">
      <Filter>Исходные файлы</Filter>
    </ClCompile>
    <ClCompile Include="IPlant.cpp">
      <Filter>Исходные файлы</Filter>
    </ClCompile>
    <ClCompile Include="TomatoPlant.cpp">
      <Filter>Исходные файлы</Filter>
    </ClCompile>
    <ClCompile Include="CucumberPlant.cpp">
      <Filter>Исходные файлы</Filter>
    </ClCompile>
    <ClCompile Include="IFactory.cpp">
      <Filter>Исходные файлы</Filter>
    </ClCompile>
    <ClCompile Include="TomatoFactory.cpp">
      <Filter>Исходные файлы</Filter>
    </ClCompile>
    <ClCompile Include="CucumberFactory.cpp">
      <Filter>Исходные файлы</Filter>
    </ClCompile>
    <ClCompile Include="Singleton.cpp">
      <Filter>Исходные файлы</Filter>
    </ClCompile>
    <ClCompile Include="GreenhousePlants.cpp">
      <Filter>Исходные файлы</Filter>
    </ClCompile>
    <ClCompile Include="Greens.cpp">
      <Filter>Исходные файлы</Filter>
    </ClCompile>
  </ItemGroup>
  <ItemGroup>
    <ClInclude Include="AdapterForCelsius.h">
      <Filter>Файлы заголовков</Filter>
    </ClInclude>
    <ClInclude Include="Characteristic.h">
      <Filter>Файлы заголовков</Filter>
    </ClInclude>
    <ClInclude Include="Composite.h">
      <Filter>Файлы заголовков</Filter>
    </ClInclude>
    <ClInclude Include="Decorator.h">
      <Filter>Файлы заголовков</Filter>
    </ClInclude>
    <ClInclude Include="DecoratorMax.h">
      <Filter>Файлы заголовков</Filter>
    </ClInclude>
    <ClInclude Include="DecoratorMin.h">
      <Filter>Файлы заголовков</Filter>
    </ClInclude>
    <ClInclude Include="FireR.h">
      <Filter>Файлы заголовков</Filter>
    </ClInclude>
    <ClInclude Include="HumiditySensor.h">
      <Filter>Файлы заголовков</Filter>
    </ClInclude>
    <ClInclude Include="Humus.h">
      <Filter>Файлы заголовков</Filter>
    </ClInclude>
    <ClInclude Include="IAO.h">
      <Filter>Файлы заголовков</Filter>
    </ClInclude>
    <ClInclude Include="IDatabase.h">
      <Filter>Файлы заголовков</Filter>
    </ClInclude>
    <ClInclude Include="IGMS.h">
      <Filter>Файлы заголовков</Filter>
    </ClInclude>
    <ClInclude Include="IIS.h">
      <Filter>Файлы заголовков</Filter>
    </ClInclude>
    <ClInclude Include="ISensor.h">
      <Filter>Файлы заголовков</Filter>
    </ClInclude>
    <ClInclude Include="Iterator.h">
      <Filter>Файлы заголовков</Filter>
    </ClInclude>
    <ClInclude Include="IUnit.h">
      <Filter>Файлы заголовков</Filter>
    </ClInclude>
    <ClInclude Include="Lamp.h">
      <Filter>Файлы заголовков</Filter>
    </ClInclude>
    <ClInclude Include="LightingSensor.h">
      <Filter>Файлы заголовков</Filter>
    </ClInclude>
    <ClInclude Include="Peat.h">
      <Filter>Файлы заголовков</Filter>
    </ClInclude>
    <ClInclude Include="ProxyDatabase.h">
      <Filter>Файлы заголовков</Filter>
    </ClInclude>
    <ClInclude Include="R.h">
      <Filter>Файлы заголовков</Filter>
    </ClInclude>
    <ClInclude Include="TemperatureSensor.h">
      <Filter>Файлы заголовков</Filter>
    </ClInclude>
    <ClInclude Include="TemperatureSensorCelsius.h">
      <Filter>Файлы заголовков</Filter>
    </ClInclude>
    <ClInclude Include="UnitType.h">
      <Filter>Файлы заголовков</Filter>
    </ClInclude>
    <ClInclude Include="Ventilator.h">
      <Filter>Файлы заголовков</Filter>
    </ClInclude>
    <ClInclude Include="WaterR.h">
      <Filter>Файлы заголовков</Filter>
    </ClInclude>
    <ClInclude Include="Window.h">
      <Filter>Файлы заголовков</Filter>
    </ClInclude>
    <ClInclude Include="IDynamicDatabase.h">
      <Filter>Файлы заголовков</Filter>
    </ClInclude>
    <ClInclude Include="INutrientsStorage.h">
      <Filter>Файлы заголовков</Filter>
    </ClInclude>
    <ClInclude Include="HumusStorage.h">
      <Filter>Файлы заголовков</Filter>
    </ClInclude>
    <ClInclude Include="INutrients.h">
      <Filter>Файлы заголовков</Filter>
    </ClInclude>
    <ClInclude Include="PeatStorage.h">
      <Filter>Файлы заголовков</Filter>
    </ClInclude>
    <ClInclude Include="ISeed.h">
      <Filter>Файлы заголовков</Filter>
    </ClInclude>
    <ClInclude Include="TomatoSeed.h">
      <Filter>Файлы заголовков</Filter>
    </ClInclude>
    <ClInclude Include="CucumberSeed.h">
      <Filter>Файлы заголовков</Filter>
    </ClInclude>
    <ClInclude Include="IPlant.h">
      <Filter>Файлы заголовков</Filter>
    </ClInclude>
    <ClInclude Include="TomatoPlant.h">
      <Filter>Файлы заголовков</Filter>
    </ClInclude>
    <ClInclude Include="CucumberPlant.h">
      <Filter>Файлы заголовков</Filter>
    </ClInclude>
    <ClInclude Include="IFactory.h">
      <Filter>Файлы заголовков</Filter>
    </ClInclude>
    <ClInclude Include="TomatoFactory.h">
      <Filter>Файлы заголовков</Filter>
    </ClInclude>
    <ClInclude Include="CucumberFactory.h">
      <Filter>Файлы заголовков</Filter>
    </ClInclude>
    <ClInclude Include="Singleton.h">
      <Filter>Файлы заголовков</Filter>
    </ClInclude>
    <ClInclude Include="GreenhousePlants.h">
      <Filter>Файлы заголовков</Filter>
    </ClInclude>
    <ClInclude Include="Greens.h">
      <Filter>Файлы заголовков</Filter>
    </ClInclude>
  </ItemGroup>
</Project>